
Microsoft Visual Studio Solution File, Format Version 12.00
# Visual Studio Version 16
VisualStudioVersion = 16.0.31105.61
MinimumVisualStudioVersion = 10.0.40219.1
Project("{FAE04EC0-301F-11D3-BF4B-00C04F79EFBC}") = "Beginnig of INHERITANCE", "Beginnig of INHERITANCE\Beginnig of INHERITANCE.csproj", "{9C61D0E3-BC43-4F11-A1EA-700053E84843}"
EndProject
Global
	GlobalSection(SolutionConfigurationPlatforms) = preSolution
		Debug|Any CPU = Debug|Any CPU
		Release|Any CPU = Release|Any CPU
	EndGlobalSection
	GlobalSection(ProjectConfigurationPlatforms) = postSolution
		{9C61D0E3-BC43-4F11-A1EA-700053E84843}.Debug|Any CPU.ActiveCfg = Debug|Any CPU
		{9C61D0E3-BC43-4F11-A1EA-700053E84843}.Debug|Any CPU.Build.0 = Debug|Any CPU
		{9C61D0E3-BC43-4F11-A1EA-700053E84843}.Release|Any CPU.ActiveCfg = Release|Any CPU
		{9C61D0E3-BC43-4F11-A1EA-700053E84843}.Release|Any CPU.Build.0 = Release|Any CPU
	EndGlobalSection
	GlobalSection(SolutionProperties) = preSolution
		HideSolutionNode = FALSE
	EndGlobalSection
	GlobalSection(ExtensibilityGlobals) = postSolution
		SolutionGuid = {177BEF57-A81B-4075-A9E1-ACBFCA5624BF}
	EndGlobalSection
EndGlobal
