
Microsoft Visual Studio Solution File, Format Version 12.00
# Visual Studio Version 16
VisualStudioVersion = 16.0.31105.61
MinimumVisualStudioVersion = 10.0.40219.1
Project("{FAE04EC0-301F-11D3-BF4B-00C04F79EFBC}") = "Array List", "Array List\Array List.csproj", "{EC1307F0-F8C5-49CB-8AC1-1CF70D5C46AA}"
EndProject
Global
	GlobalSection(SolutionConfigurationPlatforms) = preSolution
		Debug|Any CPU = Debug|Any CPU
		Release|Any CPU = Release|Any CPU
	EndGlobalSection
	GlobalSection(ProjectConfigurationPlatforms) = postSolution
		{EC1307F0-F8C5-49CB-8AC1-1CF70D5C46AA}.Debug|Any CPU.ActiveCfg = Debug|Any CPU
		{EC1307F0-F8C5-49CB-8AC1-1CF70D5C46AA}.Debug|Any CPU.Build.0 = Debug|Any CPU
		{EC1307F0-F8C5-49CB-8AC1-1CF70D5C46AA}.Release|Any CPU.ActiveCfg = Release|Any CPU
		{EC1307F0-F8C5-49CB-8AC1-1CF70D5C46AA}.Release|Any CPU.Build.0 = Release|Any CPU
	EndGlobalSection
	GlobalSection(SolutionProperties) = preSolution
		HideSolutionNode = FALSE
	EndGlobalSection
	GlobalSection(ExtensibilityGlobals) = postSolution
		SolutionGuid = {56429C60-E086-4D03-A998-1BD2595D0CFB}
	EndGlobalSection
EndGlobal
